
Microsoft Visual Studio Solution File, Format Version 12.00
# Visual Studio Version 16
VisualStudioVersion = 16.0.34601.136
MinimumVisualStudioVersion = 10.0.40219.1
Project("{FAE04EC0-301F-11D3-BF4B-00C04F79EFBC}") = "AFinalProj.Android", "AFinalProj\AFinalProj.Android\AFinalProj.Android.csproj", "{6293D909-8AA4-4349-952F-B663259CE8CA}"
EndProject
Project("{FAE04EC0-301F-11D3-BF4B-00C04F79EFBC}") = "AFinalProj.iOS", "AFinalProj\AFinalProj.iOS\AFinalProj.iOS.csproj", "{41C8A32F-846F-4EF9-9DA2-80860D38900E}"
EndProject
Project("{FAE04EC0-301F-11D3-BF4B-00C04F79EFBC}") = "AFinalProj", "AFinalProj\AFinalProj\AFinalProj.csproj", "{343BE51A-1C7C-4A7B-9066-5968C833F0B9}"
EndProject
Global
	GlobalSection(SolutionConfigurationPlatforms) = preSolution
		Debug|Any CPU = Debug|Any CPU
		Debug|iPhone = Debug|iPhone
		Debug|iPhoneSimulator = Debug|iPhoneSimulator
		Release|Any CPU = Release|Any CPU
		Release|iPhone = Release|iPhone
		Release|iPhoneSimulator = Release|iPhoneSimulator
	EndGlobalSection
	GlobalSection(ProjectConfigurationPlatforms) = postSolution
		{6293D909-8AA4-4349-952F-B663259CE8CA}.Debug|Any CPU.ActiveCfg = Debug|Any CPU
		{6293D909-8AA4-4349-952F-B663259CE8CA}.Debug|Any CPU.Build.0 = Debug|Any CPU
		{6293D909-8AA4-4349-952F-B663259CE8CA}.Debug|Any CPU.Deploy.0 = Debug|Any CPU
		{6293D909-8AA4-4349-952F-B663259CE8CA}.Debug|iPhone.ActiveCfg = Debug|Any CPU
		{6293D909-8AA4-4349-952F-B663259CE8CA}.Debug|iPhone.Build.0 = Debug|Any CPU
		{6293D909-8AA4-4349-952F-B663259CE8CA}.Debug|iPhone.Deploy.0 = Debug|Any CPU
		{6293D909-8AA4-4349-952F-B663259CE8CA}.Debug|iPhoneSimulator.ActiveCfg = Debug|Any CPU
		{6293D909-8AA4-4349-952F-B663259CE8CA}.Debug|iPhoneSimulator.Build.0 = Debug|Any CPU
		{6293D909-8AA4-4349-952F-B663259CE8CA}.Debug|iPhoneSimulator.Deploy.0 = Debug|Any CPU
		{6293D909-8AA4-4349-952F-B663259CE8CA}.Release|Any CPU.ActiveCfg = Release|Any CPU
		{6293D909-8AA4-4349-952F-B663259CE8CA}.Release|Any CPU.Build.0 = Release|Any CPU
		{6293D909-8AA4-4349-952F-B663259CE8CA}.Release|Any CPU.Deploy.0 = Release|Any CPU
		{6293D909-8AA4-4349-952F-B663259CE8CA}.Release|iPhone.ActiveCfg = Release|Any CPU
		{6293D909-8AA4-4349-952F-B663259CE8CA}.Release|iPhone.Build.0 = Release|Any CPU
		{6293D909-8AA4-4349-952F-B663259CE8CA}.Release|iPhone.Deploy.0 = Release|Any CPU
		{6293D909-8AA4-4349-952F-B663259CE8CA}.Release|iPhoneSimulator.ActiveCfg = Release|Any CPU
		{6293D909-8AA4-4349-952F-B663259CE8CA}.Release|iPhoneSimulator.Build.0 = Release|Any CPU
		{6293D909-8AA4-4349-952F-B663259CE8CA}.Release|iPhoneSimulator.Deploy.0 = Release|Any CPU
		{41C8A32F-846F-4EF9-9DA2-80860D38900E}.Debug|Any CPU.ActiveCfg = Debug|iPhone
		{41C8A32F-846F-4EF9-9DA2-80860D38900E}.Debug|Any CPU.Build.0 = Debug|iPhone
		{41C8A32F-846F-4EF9-9DA2-80860D38900E}.Debug|Any CPU.Deploy.0 = Debug|iPhone
		{41C8A32F-846F-4EF9-9DA2-80860D38900E}.Debug|iPhone.ActiveCfg = Debug|iPhone
		{41C8A32F-846F-4EF9-9DA2-80860D38900E}.Debug|iPhone.Build.0 = Debug|iPhone
		{41C8A32F-846F-4EF9-9DA2-80860D38900E}.Debug|iPhone.Deploy.0 = Debug|iPhone
		{41C8A32F-846F-4EF9-9DA2-80860D38900E}.Debug|iPhoneSimulator.ActiveCfg = Debug|iPhoneSimulator
		{41C8A32F-846F-4EF9-9DA2-80860D38900E}.Debug|iPhoneSimulator.Build.0 = Debug|iPhoneSimulator
		{41C8A32F-846F-4EF9-9DA2-80860D38900E}.Debug|iPhoneSimulator.Deploy.0 = Debug|iPhoneSimulator
		{41C8A32F-846F-4EF9-9DA2-80860D38900E}.Release|Any CPU.ActiveCfg = Release|iPhoneSimulator
		{41C8A32F-846F-4EF9-9DA2-80860D38900E}.Release|Any CPU.Build.0 = Release|iPhoneSimulator
		{41C8A32F-846F-4EF9-9DA2-80860D38900E}.Release|Any CPU.Deploy.0 = Release|iPhoneSimulator
		{41C8A32F-846F-4EF9-9DA2-80860D38900E}.Release|iPhone.ActiveCfg = Release|iPhone
		{41C8A32F-846F-4EF9-9DA2-80860D38900E}.Release|iPhone.Build.0 = Release|iPhone
		{41C8A32F-846F-4EF9-9DA2-80860D38900E}.Release|iPhone.Deploy.0 = Release|iPhone
		{41C8A32F-846F-4EF9-9DA2-80860D38900E}.Release|iPhoneSimulator.ActiveCfg = Release|iPhoneSimulator
		{41C8A32F-846F-4EF9-9DA2-80860D38900E}.Release|iPhoneSimulator.Build.0 = Release|iPhoneSimulator
		{41C8A32F-846F-4EF9-9DA2-80860D38900E}.Release|iPhoneSimulator.Deploy.0 = Release|iPhoneSimulator
		{343BE51A-1C7C-4A7B-9066-5968C833F0B9}.Debug|Any CPU.ActiveCfg = Debug|Any CPU
		{343BE51A-1C7C-4A7B-9066-5968C833F0B9}.Debug|Any CPU.Build.0 = Debug|Any CPU
		{343BE51A-1C7C-4A7B-9066-5968C833F0B9}.Debug|Any CPU.Deploy.0 = Debug|Any CPU
		{343BE51A-1C7C-4A7B-9066-5968C833F0B9}.Debug|iPhone.ActiveCfg = Debug|Any CPU
		{343BE51A-1C7C-4A7B-9066-5968C833F0B9}.Debug|iPhone.Build.0 = Debug|Any CPU
		{343BE51A-1C7C-4A7B-9066-5968C833F0B9}.Debug|iPhone.Deploy.0 = Debug|Any CPU
		{343BE51A-1C7C-4A7B-9066-5968C833F0B9}.Debug|iPhoneSimulator.ActiveCfg = Debug|Any CPU
		{343BE51A-1C7C-4A7B-9066-5968C833F0B9}.Debug|iPhoneSimulator.Build.0 = Debug|Any CPU
		{343BE51A-1C7C-4A7B-9066-5968C833F0B9}.Debug|iPhoneSimulator.Deploy.0 = Debug|Any CPU
		{343BE51A-1C7C-4A7B-9066-5968C833F0B9}.Release|Any CPU.ActiveCfg = Release|Any CPU
		{343BE51A-1C7C-4A7B-9066-5968C833F0B9}.Release|Any CPU.Build.0 = Release|Any CPU
		{343BE51A-1C7C-4A7B-9066-5968C833F0B9}.Release|Any CPU.Deploy.0 = Release|Any CPU
		{343BE51A-1C7C-4A7B-9066-5968C833F0B9}.Release|iPhone.ActiveCfg = Release|Any CPU
		{343BE51A-1C7C-4A7B-9066-5968C833F0B9}.Release|iPhone.Build.0 = Release|Any CPU
		{343BE51A-1C7C-4A7B-9066-5968C833F0B9}.Release|iPhone.Deploy.0 = Release|Any CPU
		{343BE51A-1C7C-4A7B-9066-5968C833F0B9}.Release|iPhoneSimulator.ActiveCfg = Release|Any CPU
		{343BE51A-1C7C-4A7B-9066-5968C833F0B9}.Release|iPhoneSimulator.Build.0 = Release|Any CPU
		{343BE51A-1C7C-4A7B-9066-5968C833F0B9}.Release|iPhoneSimulator.Deploy.0 = Release|Any CPU
	EndGlobalSection
	GlobalSection(SolutionProperties) = preSolution
		HideSolutionNode = FALSE
	EndGlobalSection
	GlobalSection(ExtensibilityGlobals) = postSolution
		SolutionGuid = {267E6C12-8D2B-4B8B-B5EF-8952D9BB6C2A}
	EndGlobalSection
EndGlobal
